
Microsoft Visual Studio Solution File, Format Version 12.00
# Visual Studio Version 16
VisualStudioVersion = 16.0.30804.86
MinimumVisualStudioVersion = 10.0.40219.1
Project("{9092AA53-FB77-4645-B42D-1CCCA6BD08BD}") = "AmongOBS", "AmongOBS.njsproj", "{DEFBFBF6-846F-4465-88F7-67E72D02D8B3}"
EndProject
Global
	GlobalSection(SolutionConfigurationPlatforms) = preSolution
		Debug|Any CPU = Debug|Any CPU
		Release|Any CPU = Release|Any CPU
	EndGlobalSection
	GlobalSection(ProjectConfigurationPlatforms) = postSolution
		{DEFBFBF6-846F-4465-88F7-67E72D02D8B3}.Debug|Any CPU.ActiveCfg = Debug|Any CPU
		{DEFBFBF6-846F-4465-88F7-67E72D02D8B3}.Debug|Any CPU.Build.0 = Debug|Any CPU
		{DEFBFBF6-846F-4465-88F7-67E72D02D8B3}.Release|Any CPU.ActiveCfg = Release|Any CPU
		{DEFBFBF6-846F-4465-88F7-67E72D02D8B3}.Release|Any CPU.Build.0 = Release|Any CPU
	EndGlobalSection
	GlobalSection(SolutionProperties) = preSolution
		HideSolutionNode = FALSE
	EndGlobalSection
	GlobalSection(ExtensibilityGlobals) = postSolution
		SolutionGuid = {E1BE0B3B-BEBA-4D16-8D7D-FA5DE377672D}
	EndGlobalSection
EndGlobal
